
Microsoft Visual Studio Solution File, Format Version 12.00
# Visual Studio Version 17
VisualStudioVersion = 17.9.34622.214
MinimumVisualStudioVersion = 10.0.40219.1
Project("{9A19103F-16F7-4668-BE54-9A1E7A4F7556}") = "HelloUserMessage", "HelloUser\HelloUserMessage.csproj", "{D469246B-5FB0-483A-AD14-509E1A4D3309}"
EndProject
Project("{9A19103F-16F7-4668-BE54-9A1E7A4F7556}") = "HelloWorldLibrary", "HelloWorldLibrary\HelloWorldLibrary.csproj", "{5F4CBF00-43C2-447F-BC57-D1E5F9DF63AF}"
EndProject
Global
	GlobalSection(SolutionConfigurationPlatforms) = preSolution
		Debug|Any CPU = Debug|Any CPU
		Release|Any CPU = Release|Any CPU
	EndGlobalSection
	GlobalSection(ProjectConfigurationPlatforms) = postSolution
		{D469246B-5FB0-483A-AD14-509E1A4D3309}.Debug|Any CPU.ActiveCfg = Debug|Any CPU
		{D469246B-5FB0-483A-AD14-509E1A4D3309}.Debug|Any CPU.Build.0 = Debug|Any CPU
		{D469246B-5FB0-483A-AD14-509E1A4D3309}.Release|Any CPU.ActiveCfg = Release|Any CPU
		{D469246B-5FB0-483A-AD14-509E1A4D3309}.Release|Any CPU.Build.0 = Release|Any CPU
		{5F4CBF00-43C2-447F-BC57-D1E5F9DF63AF}.Debug|Any CPU.ActiveCfg = Debug|Any CPU
		{5F4CBF00-43C2-447F-BC57-D1E5F9DF63AF}.Debug|Any CPU.Build.0 = Debug|Any CPU
		{5F4CBF00-43C2-447F-BC57-D1E5F9DF63AF}.Release|Any CPU.ActiveCfg = Release|Any CPU
		{5F4CBF00-43C2-447F-BC57-D1E5F9DF63AF}.Release|Any CPU.Build.0 = Release|Any CPU
	EndGlobalSection
	GlobalSection(SolutionProperties) = preSolution
		HideSolutionNode = FALSE
	EndGlobalSection
	GlobalSection(ExtensibilityGlobals) = postSolution
		SolutionGuid = {8F5B8255-5FB4-46A9-94E1-C0D1B3CBA59D}
	EndGlobalSection
EndGlobal
